
Microsoft Visual Studio Solution File, Format Version 12.00
# Visual Studio Version 17
VisualStudioVersion = 17.0.32112.339
MinimumVisualStudioVersion = 10.0.40219.1
Project("{9A19103F-16F7-4668-BE54-9A1E7A4F7556}") = "DiscordStats", "DiscordStats.csproj", "{71D65170-1C8A-4A50-8109-2232474DC10C}"
EndProject
Global
	GlobalSection(SolutionConfigurationPlatforms) = preSolution
		Debug|Any CPU = Debug|Any CPU
		Release|Any CPU = Release|Any CPU
	EndGlobalSection
	GlobalSection(ProjectConfigurationPlatforms) = postSolution
		{71D65170-1C8A-4A50-8109-2232474DC10C}.Debug|Any CPU.ActiveCfg = Debug|Any CPU
		{71D65170-1C8A-4A50-8109-2232474DC10C}.Debug|Any CPU.Build.0 = Debug|Any CPU
		{71D65170-1C8A-4A50-8109-2232474DC10C}.Release|Any CPU.ActiveCfg = Release|Any CPU
		{71D65170-1C8A-4A50-8109-2232474DC10C}.Release|Any CPU.Build.0 = Release|Any CPU
	EndGlobalSection
	GlobalSection(SolutionProperties) = preSolution
		HideSolutionNode = FALSE
	EndGlobalSection
	GlobalSection(ExtensibilityGlobals) = postSolution
		SolutionGuid = {5B8D54FB-0992-41F0-B43A-64C61D7AF0EC}
	EndGlobalSection
EndGlobal
