
Microsoft Visual Studio Solution File, Format Version 12.00
# Visual Studio Version 17
VisualStudioVersion = 17.0.32112.339
MinimumVisualStudioVersion = 10.0.40219.1
Project("{9A19103F-16F7-4668-BE54-9A1E7A4F7556}") = "DiscordStats", "DiscordStats.csproj", "{71D65170-1C8A-4A50-8109-2232474DC10C}"
EndProject
Project("{9A19103F-16F7-4668-BE54-9A1E7A4F7556}") = "DiscordStats_Tests", "..\DiscordStats_Tests\DiscordStats_Tests.csproj", "{1D1E8D61-2BBA-4D26-B54C-B84DB76B378E}"
EndProject
Project("{FAE04EC0-301F-11D3-BF4B-00C04F79EFBC}") = "Ethan_Specflow", "..\Ethan_Specflow\Ethan_Specflow.csproj", "{1E82EEC6-F5BA-4BE9-976E-6D6801A706E9}"
EndProject
Project("{FAE04EC0-301F-11D3-BF4B-00C04F79EFBC}") = "AbrahamSpecFlowProject", "..\AbrahamSpecFlowProject\AbrahamSpecFlowProject.csproj", "{69C1D34A-446B-4FFE-A0FF-1CC665A4C010}"
EndProject
Project("{FAE04EC0-301F-11D3-BF4B-00C04F79EFBC}") = "KorbinSpecFlowProject", "..\KorbinSpecFlowProject\KorbinSpecFlowProject.csproj", "{891328CE-F5E3-471F-B7B1-62C83E1AB25A}"
EndProject
Global
	GlobalSection(SolutionConfigurationPlatforms) = preSolution
		Debug|Any CPU = Debug|Any CPU
		Release|Any CPU = Release|Any CPU
	EndGlobalSection
	GlobalSection(ProjectConfigurationPlatforms) = postSolution
		{71D65170-1C8A-4A50-8109-2232474DC10C}.Debug|Any CPU.ActiveCfg = Debug|Any CPU
		{71D65170-1C8A-4A50-8109-2232474DC10C}.Debug|Any CPU.Build.0 = Debug|Any CPU
		{71D65170-1C8A-4A50-8109-2232474DC10C}.Release|Any CPU.ActiveCfg = Release|Any CPU
		{71D65170-1C8A-4A50-8109-2232474DC10C}.Release|Any CPU.Build.0 = Release|Any CPU
		{1D1E8D61-2BBA-4D26-B54C-B84DB76B378E}.Debug|Any CPU.ActiveCfg = Debug|Any CPU
		{1D1E8D61-2BBA-4D26-B54C-B84DB76B378E}.Debug|Any CPU.Build.0 = Debug|Any CPU
		{1D1E8D61-2BBA-4D26-B54C-B84DB76B378E}.Release|Any CPU.ActiveCfg = Release|Any CPU
		{1D1E8D61-2BBA-4D26-B54C-B84DB76B378E}.Release|Any CPU.Build.0 = Release|Any CPU
		{1E82EEC6-F5BA-4BE9-976E-6D6801A706E9}.Debug|Any CPU.ActiveCfg = Debug|Any CPU
		{1E82EEC6-F5BA-4BE9-976E-6D6801A706E9}.Debug|Any CPU.Build.0 = Debug|Any CPU
		{1E82EEC6-F5BA-4BE9-976E-6D6801A706E9}.Release|Any CPU.ActiveCfg = Release|Any CPU
		{1E82EEC6-F5BA-4BE9-976E-6D6801A706E9}.Release|Any CPU.Build.0 = Release|Any CPU
		{69C1D34A-446B-4FFE-A0FF-1CC665A4C010}.Debug|Any CPU.ActiveCfg = Debug|Any CPU
		{69C1D34A-446B-4FFE-A0FF-1CC665A4C010}.Debug|Any CPU.Build.0 = Debug|Any CPU
		{69C1D34A-446B-4FFE-A0FF-1CC665A4C010}.Release|Any CPU.ActiveCfg = Release|Any CPU
		{69C1D34A-446B-4FFE-A0FF-1CC665A4C010}.Release|Any CPU.Build.0 = Release|Any CPU
		{891328CE-F5E3-471F-B7B1-62C83E1AB25A}.Debug|Any CPU.ActiveCfg = Debug|Any CPU
		{891328CE-F5E3-471F-B7B1-62C83E1AB25A}.Debug|Any CPU.Build.0 = Debug|Any CPU
		{891328CE-F5E3-471F-B7B1-62C83E1AB25A}.Release|Any CPU.ActiveCfg = Release|Any CPU
		{891328CE-F5E3-471F-B7B1-62C83E1AB25A}.Release|Any CPU.Build.0 = Release|Any CPU
	EndGlobalSection
	GlobalSection(SolutionProperties) = preSolution
		HideSolutionNode = FALSE
	EndGlobalSection
	GlobalSection(ExtensibilityGlobals) = postSolution
		SolutionGuid = {5B8D54FB-0992-41F0-B43A-64C61D7AF0EC}
	EndGlobalSection
EndGlobal
