
Microsoft Visual Studio Solution File, Format Version 12.00
# Visual Studio Version 17
VisualStudioVersion = 17.0.32112.339
MinimumVisualStudioVersion = 10.0.40219.1
Project("{FAE04EC0-301F-11D3-BF4B-00C04F79EFBC}") = "DiscordStats", "DiscordStats.csproj", "{84648E1B-9D88-4BBD-B574-E3FA5F41BBA8}"
EndProject
Project("{FAE04EC0-301F-11D3-BF4B-00C04F79EFBC}") = "DiscordStats_Tests", "..\DiscordStats_Tests\DiscordStats_Tests.csproj", "{BAD9412E-6483-4955-8304-A6743B878B33}"
EndProject
Global
	GlobalSection(SolutionConfigurationPlatforms) = preSolution
		Debug|Any CPU = Debug|Any CPU
		Release|Any CPU = Release|Any CPU
	EndGlobalSection
	GlobalSection(ProjectConfigurationPlatforms) = postSolution
		{84648E1B-9D88-4BBD-B574-E3FA5F41BBA8}.Debug|Any CPU.ActiveCfg = Debug|Any CPU
		{84648E1B-9D88-4BBD-B574-E3FA5F41BBA8}.Debug|Any CPU.Build.0 = Debug|Any CPU
		{84648E1B-9D88-4BBD-B574-E3FA5F41BBA8}.Release|Any CPU.ActiveCfg = Release|Any CPU
		{84648E1B-9D88-4BBD-B574-E3FA5F41BBA8}.Release|Any CPU.Build.0 = Release|Any CPU
		{BAD9412E-6483-4955-8304-A6743B878B33}.Debug|Any CPU.ActiveCfg = Debug|Any CPU
		{BAD9412E-6483-4955-8304-A6743B878B33}.Debug|Any CPU.Build.0 = Debug|Any CPU
		{BAD9412E-6483-4955-8304-A6743B878B33}.Release|Any CPU.ActiveCfg = Release|Any CPU
		{BAD9412E-6483-4955-8304-A6743B878B33}.Release|Any CPU.Build.0 = Release|Any CPU
	EndGlobalSection
	GlobalSection(SolutionProperties) = preSolution
		HideSolutionNode = FALSE
	EndGlobalSection
	GlobalSection(ExtensibilityGlobals) = postSolution
		SolutionGuid = {DE3BC31F-45CE-4AA0-BABD-241282588237}
	EndGlobalSection
EndGlobal
